
Microsoft Visual Studio Solution File, Format Version 12.00
# Visual Studio Version 17
VisualStudioVersion = 17.4.33205.214
MinimumVisualStudioVersion = 10.0.40219.1
Project("{FAE04EC0-301F-11D3-BF4B-00C04F79EFBC}") = "kheoom", "kheoom\kheoom.csproj", "{00BDB676-5920-49A7-AB66-A98F5EDE8172}"
EndProject
Global
	GlobalSection(SolutionConfigurationPlatforms) = preSolution
		Debug|Any CPU = Debug|Any CPU
		Release|Any CPU = Release|Any CPU
	EndGlobalSection
	GlobalSection(ProjectConfigurationPlatforms) = postSolution
		{00BDB676-5920-49A7-AB66-A98F5EDE8172}.Debug|Any CPU.ActiveCfg = Debug|Any CPU
		{00BDB676-5920-49A7-AB66-A98F5EDE8172}.Debug|Any CPU.Build.0 = Debug|Any CPU
		{00BDB676-5920-49A7-AB66-A98F5EDE8172}.Release|Any CPU.ActiveCfg = Release|Any CPU
		{00BDB676-5920-49A7-AB66-A98F5EDE8172}.Release|Any CPU.Build.0 = Release|Any CPU
	EndGlobalSection
	GlobalSection(SolutionProperties) = preSolution
		HideSolutionNode = FALSE
	EndGlobalSection
	GlobalSection(ExtensibilityGlobals) = postSolution
		SolutionGuid = {66871083-FB0A-4324-8BAB-7D1FC452C84C}
	EndGlobalSection
EndGlobal
